
Microsoft Visual Studio Solution File, Format Version 12.00
# Visual Studio 2013
VisualStudioVersion = 12.0.30723.0
MinimumVisualStudioVersion = 10.0.40219.1
Project("{8BC9CEB8-8B4A-11D0-8D11-00A0C91BC942}") = "bulls_and_cows", "bulls_and_cows.vcxproj", "{6683DBE6-9CF4-45CD-998F-5991C61FB076}"
EndProject
Global
	GlobalSection(SolutionConfigurationPlatforms) = preSolution
		Debug|Win32 = Debug|Win32
		Release|Win32 = Release|Win32
	EndGlobalSection
	GlobalSection(ProjectConfigurationPlatforms) = postSolution
		{6683DBE6-9CF4-45CD-998F-5991C61FB076}.Debug|Win32.ActiveCfg = Debug|Win32
		{6683DBE6-9CF4-45CD-998F-5991C61FB076}.Debug|Win32.Build.0 = Debug|Win32
		{6683DBE6-9CF4-45CD-998F-5991C61FB076}.Release|Win32.ActiveCfg = Release|Win32
		{6683DBE6-9CF4-45CD-998F-5991C61FB076}.Release|Win32.Build.0 = Release|Win32
	EndGlobalSection
	GlobalSection(SolutionProperties) = preSolution
		HideSolutionNode = FALSE
	EndGlobalSection
	GlobalSection(Performance) = preSolution
		HasPerformanceSessions = true
	EndGlobalSection
EndGlobal
